
Microsoft Visual Studio Solution File, Format Version 12.00
# Visual Studio Version 17
VisualStudioVersion = 17.10.35027.167
MinimumVisualStudioVersion = 10.0.40219.1
Project("{FAE04EC0-301F-11D3-BF4B-00C04F79EFBC}") = "URLShortener", "URLShortener\URLShortener.csproj", "{096C72FA-436A-4DAF-8832-3E358FC28D09}"
EndProject
Project("{FAE04EC0-301F-11D3-BF4B-00C04F79EFBC}") = "DataAccessLayer", "DataAccessLayer\DataAccessLayer.csproj", "{EC846C61-78CE-4DC4-B8B6-0AC7D7828B43}"
EndProject
Project("{FAE04EC0-301F-11D3-BF4B-00C04F79EFBC}") = "BusinessLogicLayer", "BusinessLogicLayer\BusinessLogicLayer.csproj", "{FA4F42B0-C6D9-4AFD-8A65-BC82FC41CFEB}"
EndProject
Global
	GlobalSection(SolutionConfigurationPlatforms) = preSolution
		Debug|Any CPU = Debug|Any CPU
		Release|Any CPU = Release|Any CPU
	EndGlobalSection
	GlobalSection(ProjectConfigurationPlatforms) = postSolution
		{096C72FA-436A-4DAF-8832-3E358FC28D09}.Debug|Any CPU.ActiveCfg = Debug|Any CPU
		{096C72FA-436A-4DAF-8832-3E358FC28D09}.Debug|Any CPU.Build.0 = Debug|Any CPU
		{096C72FA-436A-4DAF-8832-3E358FC28D09}.Release|Any CPU.ActiveCfg = Release|Any CPU
		{096C72FA-436A-4DAF-8832-3E358FC28D09}.Release|Any CPU.Build.0 = Release|Any CPU
		{EC846C61-78CE-4DC4-B8B6-0AC7D7828B43}.Debug|Any CPU.ActiveCfg = Debug|Any CPU
		{EC846C61-78CE-4DC4-B8B6-0AC7D7828B43}.Debug|Any CPU.Build.0 = Debug|Any CPU
		{EC846C61-78CE-4DC4-B8B6-0AC7D7828B43}.Release|Any CPU.ActiveCfg = Release|Any CPU
		{EC846C61-78CE-4DC4-B8B6-0AC7D7828B43}.Release|Any CPU.Build.0 = Release|Any CPU
		{FA4F42B0-C6D9-4AFD-8A65-BC82FC41CFEB}.Debug|Any CPU.ActiveCfg = Debug|Any CPU
		{FA4F42B0-C6D9-4AFD-8A65-BC82FC41CFEB}.Debug|Any CPU.Build.0 = Debug|Any CPU
		{FA4F42B0-C6D9-4AFD-8A65-BC82FC41CFEB}.Release|Any CPU.ActiveCfg = Release|Any CPU
		{FA4F42B0-C6D9-4AFD-8A65-BC82FC41CFEB}.Release|Any CPU.Build.0 = Release|Any CPU
	EndGlobalSection
	GlobalSection(SolutionProperties) = preSolution
		HideSolutionNode = FALSE
	EndGlobalSection
	GlobalSection(ExtensibilityGlobals) = postSolution
		SolutionGuid = {99CA00D8-FAEA-4057-B8E8-2756FE835950}
	EndGlobalSection
EndGlobal
